
Microsoft Visual Studio Solution File, Format Version 12.00
# Visual Studio Version 16
VisualStudioVersion = 16.0.31515.178
MinimumVisualStudioVersion = 10.0.40219.1
Project("{F184B08F-C81C-45F6-A57F-5ABD9991F28F}") = "201504090_CICLISTA", "201504090_CICLISTA\201504090_CICLISTA.vbproj", "{8B6671AC-3A76-4603-9EDE-E5321AF41733}"
EndProject
Global
	GlobalSection(SolutionConfigurationPlatforms) = preSolution
		Debug|Any CPU = Debug|Any CPU
		Release|Any CPU = Release|Any CPU
	EndGlobalSection
	GlobalSection(ProjectConfigurationPlatforms) = postSolution
		{8B6671AC-3A76-4603-9EDE-E5321AF41733}.Debug|Any CPU.ActiveCfg = Debug|Any CPU
		{8B6671AC-3A76-4603-9EDE-E5321AF41733}.Debug|Any CPU.Build.0 = Debug|Any CPU
		{8B6671AC-3A76-4603-9EDE-E5321AF41733}.Release|Any CPU.ActiveCfg = Release|Any CPU
		{8B6671AC-3A76-4603-9EDE-E5321AF41733}.Release|Any CPU.Build.0 = Release|Any CPU
	EndGlobalSection
	GlobalSection(SolutionProperties) = preSolution
		HideSolutionNode = FALSE
	EndGlobalSection
	GlobalSection(ExtensibilityGlobals) = postSolution
		SolutionGuid = {ED13A31B-8E6D-47ED-9115-359A7DE4F3FD}
	EndGlobalSection
EndGlobal
